PODS:
  - Alamofire (5.7.1)
  - Hue (5.0.0)
  - IncidenceLibraryIOS (0.1.0):
    - Alamofire
    - Hue
    - Kingfisher
    - youtube-ios-player-helper
  - Kingfisher (6.3.1)
  - youtube-ios-player-helper (1.0.4)

DEPENDENCIES:
  - IncidenceLibraryIOS (from `../`)

SPEC REPOS:
  trunk:
    - Alamofire
    - Hue
    - Kingfisher
    - youtube-ios-player-helper

EXTERNAL SOURCES:
  IncidenceLibraryIOS:
    :path: "../"

SPEC CHECKSUMS:
  Alamofire: 0123a34370cb170936ae79a8df46cc62b2edeb88
  Hue: c129cb67be7d093a82bbbc30ce8a96757bf6f37a
  IncidenceLibraryIOS: 7064c7edea108329e7cf8f3ef9049d47e050b733
  Kingfisher: 016c8b653a35add51dd34a3aba36b580041acc74
  youtube-ios-player-helper: e9b97535e816db3152179d84d999bc1807ecd689

PODFILE CHECKSUM: b02bdfbe2ff265f4b18c57c2b43dbe836874ab0e

COCOAPODS: 1.12.1
